
Microsoft Visual Studio Solution File, Format Version 12.00
# Visual Studio 15
VisualStudioVersion = 15.0.28307.572
MinimumVisualStudioVersion = 10.0.40219.1
Project("{FAE04EC0-301F-11D3-BF4B-00C04F79EFBC}") = "Программа расчета акустических систем", "Программа расчета акустических систем\Программа расчета акустических систем.csproj", "{8265E907-5C05-405D-9374-0E5A6136ABBD}"
EndProject
Global
	GlobalSection(SolutionConfigurationPlatforms) = preSolution
		Debug|Any CPU = Debug|Any CPU
		Release|Any CPU = Release|Any CPU
	EndGlobalSection
	GlobalSection(ProjectConfigurationPlatforms) = postSolution
		{8265E907-5C05-405D-9374-0E5A6136ABBD}.Debug|Any CPU.ActiveCfg = Debug|Any CPU
		{8265E907-5C05-405D-9374-0E5A6136ABBD}.Debug|Any CPU.Build.0 = Debug|Any CPU
		{8265E907-5C05-405D-9374-0E5A6136ABBD}.Release|Any CPU.ActiveCfg = Release|Any CPU
		{8265E907-5C05-405D-9374-0E5A6136ABBD}.Release|Any CPU.Build.0 = Release|Any CPU
	EndGlobalSection
	GlobalSection(SolutionProperties) = preSolution
		HideSolutionNode = FALSE
	EndGlobalSection
	GlobalSection(ExtensibilityGlobals) = postSolution
		SolutionGuid = {A3C56C92-045B-4F6E-AD5F-53509CEDA48B}
	EndGlobalSection
EndGlobal
